
Microsoft Visual Studio Solution File, Format Version 12.00
# Visual Studio Version 17
VisualStudioVersion = 17.2.32616.157
MinimumVisualStudioVersion = 10.0.40219.1
Project("{FAE04EC0-301F-11D3-BF4B-00C04F79EFBC}") = "assignment 1 new new", "assignment 1 new new\assignment 1 new new.csproj", "{039686F5-04B8-444D-AD4F-DEB063B176FB}"
EndProject
Global
	GlobalSection(SolutionConfigurationPlatforms) = preSolution
		Debug|Any CPU = Debug|Any CPU
		Release|Any CPU = Release|Any CPU
	EndGlobalSection
	GlobalSection(ProjectConfigurationPlatforms) = postSolution
		{039686F5-04B8-444D-AD4F-DEB063B176FB}.Debug|Any CPU.ActiveCfg = Debug|Any CPU
		{039686F5-04B8-444D-AD4F-DEB063B176FB}.Debug|Any CPU.Build.0 = Debug|Any CPU
		{039686F5-04B8-444D-AD4F-DEB063B176FB}.Release|Any CPU.ActiveCfg = Release|Any CPU
		{039686F5-04B8-444D-AD4F-DEB063B176FB}.Release|Any CPU.Build.0 = Release|Any CPU
	EndGlobalSection
	GlobalSection(SolutionProperties) = preSolution
		HideSolutionNode = FALSE
	EndGlobalSection
	GlobalSection(ExtensibilityGlobals) = postSolution
		SolutionGuid = {3DB136CB-8592-4043-904D-93FD7600B766}
	EndGlobalSection
EndGlobal
